{
  "name": "terraform-provider-ec-openspec",
  "lockfileVersion": 3,
  "requires": true,
  "packages": {
    "": {
      "name": "terraform-provider-ec-openspec",
      "devDependencies": {
        "@fission-ai/openspec": "^1.12.0"
      },
      "engines": {
        "node": ">=24.0.0 <25"
      }
    },
    "node_modules/@fission-ai/openspec": {
      "version": "1.12.0",
      "resolved": "https://registry.npmjs.org/@fission-ai/openspec/-/openspec-1.12.0.tgz",
      "integrity": "sha512-oFE2Lj7WVSc87nSibk6qe9HjHIOlxhcPAXbPey44DlLvJzBl5+9BZVrNiozOwv++CQhW+MG0kuP1XLZ/uQrrWw==",
      "dev": true,
      "license": "MIT",
      "dependencies": {
        "@inquirer/core": "^11.2.1",
        "@inquirer/prompts": "^8.5.2",
        "chalk": "^5.6.2",
        "commander": "^14.0.0",
        "cross-spawn": "7.0.6",
        "diff": "^9.0.0",
        "fast-glob": "^3.3.3",
        "ora": "^9.4.1",
        "yaml": "^2.8.3",
        "zod": "^4.4.3"
      },
      "bin": {
        "openspec": "bin/openspec.js"
      },
      "engines": {
        "node": ">=20.19.0"
      }
    },
    "node_modules/@inquirer/ansi": {
      "version": "2.0.8",
      "resolved": "https://registry.npmjs.org/@inquirer/ansi/-/ansi-2.0.8.tgz",
      "integrity": "sha512-WpQM+Ti6Z40EFwwt+uL2p4UabT+W179zHp6HhLVOzfbwnVn05IPO/eXIZXGNqcT1jbQ15SujNLzQ39k4QPPxBQ==",
      "dev": true,
      "license": "MIT",
      "engines": {
        "node": ">=23.5.0 || ^22.13.0 || ^20.17.0"
      }
    },
    "node_modules/@inquirer/checkbox": {
      "version": "5.2.5",
      "resolved": "https://registry.npmjs.org/@inquirer/checkbox/-/checkbox-5.2.5.tgz",
      "integrity": "sha512-bRt8J8m+Fot9CXv+zNQGXUq2ET0MggR1fPz7v6edN6MFYmsbfGnMmkmWZJEegMKqrAC8ej/o1sqisHZXZJMAfQ==",
      "dev": true,
      "license": "MIT",
      "dependencies": {
        "@inquirer/ansi": "^2.0.8",
        "@inquirer/core": "^12.0.3",
        "@inquirer/figures": "^2.0.9",
        "@inquirer/type": "4.1.1"
      },
      "engines": {
        "node": ">=23.5.0 || ^22.13.0 || ^20.17.0"
      },
      "peerDependencies": {
        "@types/node": ">=18"
      },
      "peerDependenciesMeta": {
        "@types/node": {
          "optional": true
        }
      }
    },
    "node_modules/@inquirer/checkbox/node_modules/@inquirer/core": {
      "version": "12.0.3",
      "resolved": "https://registry.npmjs.org/@inquirer/core/-/core-12.0.3.tgz",
      "integrity": "sha512-wsSy0sznmXwkty+2PzZwx00Cazc/E0r0B7mAzdGROz2Ct+DFZXaK7WDjGZvgjRldxH5ZhFVfF2lgkYrqgOw2KA==",
      "dev": true,
      "license": "MIT",
      "dependencies": {
        "@inquirer/ansi": "^2.0.8",
        "@inquirer/figures": "^2.0.9",
        "@inquirer/type": "4.1.1",
        "cli-width": "^4.1.0",
        "fast-wrap-ansi": "^0.2.0",
        "mute-stream": "^3.0.0",
        "signal-exit": "^4.1.0"
      },
      "engines": {
        "node": ">=23.5.0 || ^22.13.0 || ^20.17.0"
      },
      "peerDependencies": {
        "@types/node": ">=18"
      },
      "peerDependenciesMeta": {
        "@types/node": {
          "optional": true
        }
      }
    },
    "node_modules/@inquirer/confirm": {
      "version": "6.3.2",
      "resolved": "https://registry.npmjs.org/@inquirer/confirm/-/confirm-6.3.2.tgz",
      "integrity": "sha512-Xvr/0HggjddPtGppuqVmxhTw+Hr8PvsZ/k0HmOEaAqQEt80OITNkFWnsdNmyT0/eM4Ab+iJLx2R8rctlEyfSVg==",
      "dev": true,
      "license": "MIT",
      "dependencies": {
        "@inquirer/core": "^12.0.3",
        "@inquirer/type": "4.1.1"
      },
      "engines": {
        "node": ">=23.5.0 || ^22.13.0 || ^20.17.0"
      },
      "peerDependencies": {
        "@types/node": ">=18"
      },
      "peerDependenciesMeta": {
        "@types/node": {
          "optional": true
        }
      }
    },
    "node_modules/@inquirer/confirm/node_modules/@inquirer/core": {
      "version": "12.0.3",
      "resolved": "https://registry.npmjs.org/@inquirer/core/-/core-12.0.3.tgz",
      "integrity": "sha512-wsSy0sznmXwkty+2PzZwx00Cazc/E0r0B7mAzdGROz2Ct+DFZXaK7WDjGZvgjRldxH5ZhFVfF2lgkYrqgOw2KA==",
      "dev": true,
      "license": "MIT",
      "dependencies": {
        "@inquirer/ansi": "^2.0.8",
        "@inquirer/figures": "^2.0.9",
        "@inquirer/type": "4.1.1",
        "cli-width": "^4.1.0",
        "fast-wrap-ansi": "^0.2.0",
        "mute-stream": "^3.0.0",
        "signal-exit": "^4.1.0"
      },
      "engines": {
        "node": ">=23.5.0 || ^22.13.0 || ^20.17.0"
      },
      "peerDependencies": {
        "@types/node": ">=18"
      },
      "peerDependenciesMeta": {
        "@types/node": {
          "optional": true
        }
      }
    },
    "node_modules/@inquirer/core": {
      "version": "11.2.1",
      "resolved": "https://registry.npmjs.org/@inquirer/core/-/core-11.2.1.tgz",
      "integrity": "sha512-Qd6GJT1yVyrZZCfN8W2qKF5ApmqryXRhRKCuip8h01x2w/esJQ2XIYc6f9abMIHgKQdBfFTSOdbHRLAhuM09UA==",
      "dev": true,
      "license": "MIT",
      "dependencies": {
        "@inquirer/ansi": "^2.0.7",
        "@inquirer/figures": "^2.0.7",
        "@inquirer/type": "^4.0.7",
        "cli-width": "^4.1.0",
        "fast-wrap-ansi": "^0.2.0",
        "mute-stream": "^3.0.0",
        "signal-exit": "^4.1.0"
      },
      "engines": {
        "node": ">=23.5.0 || ^22.13.0 || ^20.17.0"
      },
      "peerDependencies": {
        "@types/node": ">=18"
      },
      "peerDependenciesMeta": {
        "@types/node": {
          "optional": true
        }
      }
    },
    "node_modules/@inquirer/editor": {
      "version": "5.3.3",
      "resolved": "https://registry.npmjs.org/@inquirer/editor/-/editor-5.3.3.tgz",
      "integrity": "sha512-YsKkS2q63IiLtaDK/9nqzdComN97SDQrmKiyNggN+ceP4ty+Z6VwyTz3FpjeUWeW1Efss2xHFKCC9sx7hnrsxg==",
      "dev": true,
      "license": "MIT",
      "dependencies": {
        "@inquirer/core": "^12.0.3",
        "@inquirer/external-editor": "^3.0.5",
        "@inquirer/type": "4.1.1"
      },
      "engines": {
        "node": ">=23.5.0 || ^22.13.0 || ^20.17.0"
      },
      "peerDependencies": {
        "@types/node": ">=18"
      },
      "peerDependenciesMeta": {
        "@types/node": {
          "optional": true
        }
      }
    },
    "node_modules/@inquirer/editor/node_modules/@inquirer/core": {
      "version": "12.0.3",
      "resolved": "https://registry.npmjs.org/@inquirer/core/-/core-12.0.3.tgz",
      "integrity": "sha512-wsSy0sznmXwkty+2PzZwx00Cazc/E0r0B7mAzdGROz2Ct+DFZXaK7WDjGZvgjRldxH5ZhFVfF2lgkYrqgOw2KA==",
      "dev": true,
      "license": "MIT",
      "dependencies": {
        "@inquirer/ansi": "^2.0.8",
        "@inquirer/figures": "^2.0.9",
        "@inquirer/type": "4.1.1",
        "cli-width": "^4.1.0",
        "fast-wrap-ansi": "^0.2.0",
        "mute-stream": "^3.0.0",
        "signal-exit": "^4.1.0"
      },
      "engines": {
        "node": ">=23.5.0 || ^22.13.0 || ^20.17.0"
      },
      "peerDependencies": {
        "@types/node": ">=18"
      },
      "peerDependenciesMeta": {
        "@types/node": {
          "optional": true
        }
      }
    },
    "node_modules/@inquirer/expand": {
      "version": "5.1.5",
      "resolved": "https://registry.npmjs.org/@inquirer/expand/-/expand-5.1.5.tgz",
      "integrity": "sha512-uHuXLmXW+TtIfT/9vSBotypAkqn1n34Ul+CLGPos/xANyO4Ff5xZzkYhbKR4NEcfVK4a9mHQOpwVZzluSHFRGw==",
      "dev": true,
      "license": "MIT",
      "dependencies": {
        "@inquirer/core": "^12.0.3",
        "@inquirer/type": "4.1.1"
      },
      "engines": {
        "node": ">=23.5.0 || ^22.13.0 || ^20.17.0"
      },
      "peerDependencies": {
        "@types/node": ">=18"
      },
      "peerDependenciesMeta": {
        "@types/node": {
          "optional": true
        }
      }
    },
    "node_modules/@inquirer/expand/node_modules/@inquirer/core": {
      "version": "12.0.3",
      "resolved": "https://registry.npmjs.org/@inquirer/core/-/core-12.0.3.tgz",
      "integrity": "sha512-wsSy0sznmXwkty+2PzZwx00Cazc/E0r0B7mAzdGROz2Ct+DFZXaK7WDjGZvgjRldxH5ZhFVfF2lgkYrqgOw2KA==",
      "dev": true,
      "license": "MIT",
      "dependencies": {
        "@inquirer/ansi": "^2.0.8",
        "@inquirer/figures": "^2.0.9",
        "@inquirer/type": "4.1.1",
        "cli-width": "^4.1.0",
        "fast-wrap-ansi": "^0.2.0",
        "mute-stream": "^3.0.0",
        "signal-exit": "^4.1.0"
      },
      "engines": {
        "node": ">=23.5.0 || ^22.13.0 || ^20.17.0"
      },
      "peerDependencies": {
        "@types/node": ">=18"
      },
      "peerDependenciesMeta": {
        "@types/node": {
          "optional": true
        }
      }
    },
    "node_modules/@inquirer/external-editor": {
      "version": "3.0.5",
      "resolved": "https://registry.npmjs.org/@inquirer/external-editor/-/external-editor-3.0.5.tgz",
      "integrity": "sha512-f3QQJRIX5ZEneBHNUIuPjmbdzHnmRFJA8r2dkcb8q+OM5Uv5KtnuAttQumnrjcBVBM3mcTX1CkmtAkU58VRZxg==",
      "dev": true,
      "license": "MIT",
      "dependencies": {
        "chardet": "^2.1.1",
        "iconv-lite": "^0.7.2"
      },
      "engines": {
        "node": ">=23.5.0 || ^22.13.0 || ^20.17.0"
      },
      "peerDependencies": {
        "@types/node": ">=18"
      },
      "peerDependenciesMeta": {
        "@types/node": {
          "optional": true
        }
      }
    },
    "node_modules/@inquirer/figures": {
      "version": "2.0.9",
      "resolved": "https://registry.npmjs.org/@inquirer/figures/-/figures-2.0.9.tgz",
      "integrity": "sha512-EAWgUTGQ/Umgga51dE3B2PUHbufuXarDfg86uVgoSgNHNNQnyFKcOrQLWVqYMghuSyHh8+2HUH0Js9cTC1WAdg==",
      "dev": true,
      "license": "MIT",
      "engines": {
        "node": ">=23.5.0 || ^22.13.0 || ^20.17.0"
      }
    },
    "node_modules/@inquirer/input": {
      "version": "5.1.6",
      "resolved": "https://registry.npmjs.org/@inquirer/input/-/input-5.1.6.tgz",
      "integrity": "sha512-HtcJhB2QFVXbLuJ5S3syhNbTUVxYvwqV4VRBDkQceBloC9bmTViUoRFP5PbSaDZb3HzfPmpuU/gG4ybVBz4FHA==",
      "dev": true,
      "license": "MIT",
      "dependencies": {
        "@inquirer/core": "^12.0.3",
        "@inquirer/type": "4.1.1"
      },
      "engines": {
        "node": ">=23.5.0 || ^22.13.0 || ^20.17.0"
      },
      "peerDependencies": {
        "@types/node": ">=18"
      },
      "peerDependenciesMeta": {
        "@types/node": {
          "optional": true
        }
      }
    },
    "node_modules/@inquirer/input/node_modules/@inquirer/core": {
      "version": "12.0.3",
      "resolved": "https://registry.npmjs.org/@inquirer/core/-/core-12.0.3.tgz",
      "integrity": "sha512-wsSy0sznmXwkty+2PzZwx00Cazc/E0r0B7mAzdGROz2Ct+DFZXaK7WDjGZvgjRldxH5ZhFVfF2lgkYrqgOw2KA==",
      "dev": true,
      "license": "MIT",
      "dependencies": {
        "@inquirer/ansi": "^2.0.8",
        "@inquirer/figures": "^2.0.9",
        "@inquirer/type": "4.1.1",
        "cli-width": "^4.1.0",
        "fast-wrap-ansi": "^0.2.0",
        "mute-stream": "^3.0.0",
        "signal-exit": "^4.1.0"
      },
      "engines": {
        "node": ">=23.5.0 || ^22.13.0 || ^20.17.0"
      },
      "peerDependencies": {
        "@types/node": ">=18"
      },
      "peerDependenciesMeta": {
        "@types/node": {
          "optional": true
        }
      }
    },
    "node_modules/@inquirer/number": {
      "version": "4.2.3",
      "resolved": "https://registry.npmjs.org/@inquirer/number/-/number-4.2.3.tgz",
      "integrity": "sha512-6Yuwh1NGSbu1Lo4N1EWjXs1jKRntLg/ZCwhmeorEHde90v1XxAozdbd4Iu30eOQLW+6h1hp2O9ujNfLSbTPJnA==",
      "dev": true,
      "license": "MIT",
      "dependencies": {
        "@inquirer/core": "^12.0.3",
        "@inquirer/type": "4.1.1"
      },
      "engines": {
        "node": ">=23.5.0 || ^22.13.0 || ^20.17.0"
      },
      "peerDependencies": {
        "@types/node": ">=18"
      },
      "peerDependenciesMeta": {
        "@types/node": {
          "optional": true
        }
      }
    },
    "node_modules/@inquirer/number/node_modules/@inquirer/core": {
      "version": "12.0.3",
      "resolved": "https://registry.npmjs.org/@inquirer/core/-/core-12.0.3.tgz",
      "integrity": "sha512-wsSy0sznmXwkty+2PzZwx00Cazc/E0r0B7mAzdGROz2Ct+DFZXaK7WDjGZvgjRldxH5ZhFVfF2lgkYrqgOw2KA==",
      "dev": true,
      "license": "MIT",
      "dependencies": {
        "@inquirer/ansi": "^2.0.8",
        "@inquirer/figures": "^2.0.9",
        "@inquirer/type": "4.1.1",
        "cli-width": "^4.1.0",
        "fast-wrap-ansi": "^0.2.0",
        "mute-stream": "^3.0.0",
        "signal-exit": "^4.1.0"
      },
      "engines": {
        "node": ">=23.5.0 || ^22.13.0 || ^20.17.0"
      },
      "peerDependencies": {
        "@types/node": ">=18"
      },
      "peerDependenciesMeta": {
        "@types/node": {
          "optional": true
        }
      }
    },
    "node_modules/@inquirer/password": {
      "version": "5.2.2",
      "resolved": "https://registry.npmjs.org/@inquirer/password/-/password-5.2.2.tgz",
      "integrity": "sha512-W9zYdyzogK+6110mqwaSJWCBu2yA5Q/OfnGSjjZB1bNpHlmUozXxTl0+QOZBNeVd6Qo81/qT75gW05gLAtITxw==",
      "dev": true,
      "license": "MIT",
      "dependencies": {
        "@inquirer/ansi": "^2.0.8",
        "@inquirer/core": "^12.0.3",
        "@inquirer/type": "4.1.1"
      },
      "engines": {
        "node": ">=23.5.0 || ^22.13.0 || ^20.17.0"
      },
      "peerDependencies": {
        "@types/node": ">=18"
      },
      "peerDependenciesMeta": {
        "@types/node": {
          "optional": true
        }
      }
    },
    "node_modules/@inquirer/password/node_modules/@inquirer/core": {
      "version": "12.0.3",
      "resolved": "https://registry.npmjs.org/@inquirer/core/-/core-12.0.3.tgz",
      "integrity": "sha512-wsSy0sznmXwkty+2PzZwx00Cazc/E0r0B7mAzdGROz2Ct+DFZXaK7WDjGZvgjRldxH5ZhFVfF2lgkYrqgOw2KA==",
      "dev": true,
      "license": "MIT",
      "dependencies": {
        "@inquirer/ansi": "^2.0.8",
        "@inquirer/figures": "^2.0.9",
        "@inquirer/type": "4.1.1",
        "cli-width": "^4.1.0",
        "fast-wrap-ansi": "^0.2.0",
        "mute-stream": "^3.0.0",
        "signal-exit": "^4.1.0"
      },
      "engines": {
        "node": ">=23.5.0 || ^22.13.0 || ^20.17.0"
      },
      "peerDependencies": {
        "@types/node": ">=18"
      },
      "peerDependenciesMeta": {
        "@types/node": {
          "optional": true
        }
      }
    },
    "node_modules/@inquirer/prompts": {
      "version": "8.7.2",
      "resolved": "https://registry.npmjs.org/@inquirer/prompts/-/prompts-8.7.2.tgz",
      "integrity": "sha512-QoRB4wFIjgH5iOhSjoIKMkTvSHDuV+O3OITlIqAYO0oK5x364GJILXiMBvlPiE+klg7Xx9tq5XVqQHcGUDYYPA==",
      "dev": true,
      "license": "MIT",
      "dependencies": {
        "@inquirer/checkbox": "^5.2.5",
        "@inquirer/confirm": "^6.3.2",
        "@inquirer/editor": "^5.3.3",
        "@inquirer/expand": "^5.1.5",
        "@inquirer/input": "^5.1.6",
        "@inquirer/number": "^4.2.3",
        "@inquirer/password": "^5.2.2",
        "@inquirer/rawlist": "^5.3.5",
        "@inquirer/search": "^4.3.3",
        "@inquirer/select": "^5.2.5"
      },
      "engines": {
        "node": ">=23.5.0 || ^22.13.0 || ^20.17.0"
      },
      "peerDependencies": {
        "@types/node": ">=18"
      },
      "peerDependenciesMeta": {
        "@types/node": {
          "optional": true
        }
      }
    },
    "node_modules/@inquirer/rawlist": {
      "version": "5.3.5",
      "resolved": "https://registry.npmjs.org/@inquirer/rawlist/-/rawlist-5.3.5.tgz",
      "integrity": "sha512-1oHky1ONfCOwNrnkQGDE1oaSij/3fI6HFMSf2H/WsGO2lEyDX9My82iggITSy9ddSZ8yk8j9v41OI0fVoSIoaA==",
      "dev": true,
      "license": "MIT",
      "dependencies": {
        "@inquirer/core": "^12.0.3",
        "@inquirer/type": "4.1.1"
      },
      "engines": {
        "node": ">=23.5.0 || ^22.13.0 || ^20.17.0"
      },
      "peerDependencies": {
        "@types/node": ">=18"
      },
      "peerDependenciesMeta": {
        "@types/node": {
          "optional": true
        }
      }
    },
    "node_modules/@inquirer/rawlist/node_modules/@inquirer/core": {
      "version": "12.0.3",
      "resolved": "https://registry.npmjs.org/@inquirer/core/-/core-12.0.3.tgz",
      "integrity": "sha512-wsSy0sznmXwkty+2PzZwx00Cazc/E0r0B7mAzdGROz2Ct+DFZXaK7WDjGZvgjRldxH5ZhFVfF2lgkYrqgOw2KA==",
      "dev": true,
      "license": "MIT",
      "dependencies": {
        "@inquirer/ansi": "^2.0.8",
        "@inquirer/figures": "^2.0.9",
        "@inquirer/type": "4.1.1",
        "cli-width": "^4.1.0",
        "fast-wrap-ansi": "^0.2.0",
        "mute-stream": "^3.0.0",
        "signal-exit": "^4.1.0"
      },
      "engines": {
        "node": ">=23.5.0 || ^22.13.0 || ^20.17.0"
      },
      "peerDependencies": {
        "@types/node": ">=18"
      },
      "peerDependenciesMeta": {
        "@types/node": {
          "optional": true
        }
      }
    },
    "node_modules/@inquirer/search": {
      "version": "4.3.3",
      "resolved": "https://registry.npmjs.org/@inquirer/search/-/search-4.3.3.tgz",
      "integrity": "sha512-fyuIU1Nbpvwlikjg3gXwJFDI11+EFjqQ7P+iByfmivIKQ1vmaykNrD/vy5unHuUqUpsOsnvJ25//tPF7E/RBRA==",
      "dev": true,
      "license": "MIT",
      "dependencies": {
        "@inquirer/core": "^12.0.3",
        "@inquirer/figures": "^2.0.9",
        "@inquirer/type": "4.1.1"
      },
      "engines": {
        "node": ">=23.5.0 || ^22.13.0 || ^20.17.0"
      },
      "peerDependencies": {
        "@types/node": ">=18"
      },
      "peerDependenciesMeta": {
        "@types/node": {
          "optional": true
        }
      }
    },
    "node_modules/@inquirer/search/node_modules/@inquirer/core": {
      "version": "12.0.3",
      "resolved": "https://registry.npmjs.org/@inquirer/core/-/core-12.0.3.tgz",
      "integrity": "sha512-wsSy0sznmXwkty+2PzZwx00Cazc/E0r0B7mAzdGROz2Ct+DFZXaK7WDjGZvgjRldxH5ZhFVfF2lgkYrqgOw2KA==",
      "dev": true,
      "license": "MIT",
      "dependencies": {
        "@inquirer/ansi": "^2.0.8",
        "@inquirer/figures": "^2.0.9",
        "@inquirer/type": "4.1.1",
        "cli-width": "^4.1.0",
        "fast-wrap-ansi": "^0.2.0",
        "mute-stream": "^3.0.0",
        "signal-exit": "^4.1.0"
      },
      "engines": {
        "node": ">=23.5.0 || ^22.13.0 || ^20.17.0"
      },
      "peerDependencies": {
        "@types/node": ">=18"
      },
      "peerDependenciesMeta": {
        "@types/node": {
          "optional": true
        }
      }
    },
    "node_modules/@inquirer/select": {
      "version": "5.2.5",
      "resolved": "https://registry.npmjs.org/@inquirer/select/-/select-5.2.5.tgz",
      "integrity": "sha512-9kc15hr8r/kI+3DO/xLog5nOzTz1jqsHXa6JBFzmQKhkoJ8Slda1I1L/uD8ZSZ9tF1yp79wwXe7mclvX1rqR2Q==",
      "dev": true,
      "license": "MIT",
      "dependencies": {
        "@inquirer/ansi": "^2.0.8",
        "@inquirer/core": "^12.0.3",
        "@inquirer/figures": "^2.0.9",
        "@inquirer/type": "4.1.1"
      },
      "engines": {
        "node": ">=23.5.0 || ^22.13.0 || ^20.17.0"
      },
      "peerDependencies": {
        "@types/node": ">=18"
      },
      "peerDependenciesMeta": {
        "@types/node": {
          "optional": true
        }
      }
    },
    "node_modules/@inquirer/select/node_modules/@inquirer/core": {
      "version": "12.0.3",
      "resolved": "https://registry.npmjs.org/@inquirer/core/-/core-12.0.3.tgz",
      "integrity": "sha512-wsSy0sznmXwkty+2PzZwx00Cazc/E0r0B7mAzdGROz2Ct+DFZXaK7WDjGZvgjRldxH5ZhFVfF2lgkYrqgOw2KA==",
      "dev": true,
      "license": "MIT",
      "dependencies": {
        "@inquirer/ansi": "^2.0.8",
        "@inquirer/figures": "^2.0.9",
        "@inquirer/type": "4.1.1",
        "cli-width": "^4.1.0",
        "fast-wrap-ansi": "^0.2.0",
        "mute-stream": "^3.0.0",
        "signal-exit": "^4.1.0"
      },
      "engines": {
        "node": ">=23.5.0 || ^22.13.0 || ^20.17.0"
      },
      "peerDependencies": {
        "@types/node": ">=18"
      },
      "peerDependenciesMeta": {
        "@types/node": {
          "optional": true
        }
      }
    },
    "node_modules/@inquirer/type": {
      "version": "4.1.1",
      "resolved": "https://registry.npmjs.org/@inquirer/type/-/type-4.1.1.tgz",
      "integrity": "sha512-yJoHYrMnxIsJZCY+0Vb66Dy3he3kL3e2wOBKhoSwWWAzZAY82emlxwgprCtp6yRixvNRNq9ztfRWQYPNr3Go7A==",
      "dev": true,
      "license": "MIT",
      "engines": {
        "node": ">=23.5.0 || ^22.13.0 || ^20.17.0"
      },
      "peerDependencies": {
        "@types/node": ">=18"
      },
      "peerDependenciesMeta": {
        "@types/node": {
          "optional": true
        }
      }
    },
    "node_modules/@nodelib/fs.scandir": {
      "version": "2.1.5",
      "resolved": "https://registry.npmjs.org/@nodelib/fs.scandir/-/fs.scandir-2.1.5.tgz",
      "integrity": "sha512-vq24Bq3ym5HEQm2NKCr3yXDwjc7vTsEThRDnkp2DK9p1uqLR+DHurm/NOTo0KG7HYHU7eppKZj3MyqYuMBf62g==",
      "dev": true,
      "license": "MIT",
      "dependencies": {
        "@nodelib/fs.stat": "2.0.5",
        "run-parallel": "^1.1.9"
      },
      "engines": {
        "node": ">= 8"
      }
    },
    "node_modules/@nodelib/fs.stat": {
      "version": "2.0.5",
      "resolved": "https://registry.npmjs.org/@nodelib/fs.stat/-/fs.stat-2.0.5.tgz",
      "integrity": "sha512-RkhPPp2zrqDAQA/2jNhnztcPAlv64XdhIp7a7454A5ovI7Bukxgt7MX7udwAu3zg1DcpPU0rz3VV1SeaqvY4+A==",
      "dev": true,
      "license": "MIT",
      "engines": {
        "node": ">= 8"
      }
    },
    "node_modules/@nodelib/fs.walk": {
      "version": "1.2.8",
      "resolved": "https://registry.npmjs.org/@nodelib/fs.walk/-/fs.walk-1.2.8.tgz",
      "integrity": "sha512-oGB+UxlgWcgQkgwo8GcEGwemoTFt3FIO9ababBmaGwXIoBKZ+GTy0pP185beGg7Llih/NSHSV2XAs1lnznocSg==",
      "dev": true,
      "license": "MIT",
      "dependencies": {
        "@nodelib/fs.scandir": "2.1.5",
        "fastq": "^1.6.0"
      },
      "engines": {
        "node": ">= 8"
      }
    },
    "node_modules/ansi-regex": {
      "version": "6.3.0",
      "resolved": "https://registry.npmjs.org/ansi-regex/-/ansi-regex-6.3.0.tgz",
      "integrity": "sha512-WpDfL7NO6j7tH88IDBNVdUJxDh9nmCteAVW9dsep846XdwF4naCBK+/tGLX3KJgcpgMRXCFlTM2hKGoK9FsdrQ==",
      "dev": true,
      "license": "MIT",
      "engines": {
        "node": ">=12"
      },
      "funding": {
        "url": "https://github.com/chalk/ansi-regex?sponsor=1"
      }
    },
    "node_modules/braces": {
      "version": "3.0.3",
      "resolved": "https://registry.npmjs.org/braces/-/braces-3.0.3.tgz",
      "integrity": "sha512-yQbXgO/OSZVD2IsiLlro+7Hf6Q18EJrKSEsdoMzKePKXct3gvD8oLcOQdIzGupr5Fj+EDe8gO/lxc1BzfMpxvA==",
      "dev": true,
      "license": "MIT",
      "dependencies": {
        "fill-range": "^7.1.1"
      },
      "engines": {
        "node": ">=8"
      }
    },
    "node_modules/chalk": {
      "version": "5.6.2",
      "resolved": "https://registry.npmjs.org/chalk/-/chalk-5.6.2.tgz",
      "integrity": "sha512-7NzBL0rN6fMUW+f7A6Io4h40qQlG+xGmtMxfbnH/K7TAtt8JQWVQK+6g0UXKMeVJoyV5EkkNsErQ8pVD3bLHbA==",
      "dev": true,
      "license": "MIT",
      "engines": {
        "node": "^12.17.0 || ^14.13 || >=16.0.0"
      },
      "funding": {
        "url": "https://github.com/chalk/chalk?sponsor=1"
      }
    },
    "node_modules/chardet": {
      "version": "2.2.0",
      "resolved": "https://registry.npmjs.org/chardet/-/chardet-2.2.0.tgz",
      "integrity": "sha512-rddelWYNPRrXq6PtNEN2S3f6t9ILzvqaN5pVgi4kqt9jHQaXIial9PznB5iSPVlQSLNaaH22ItWz3EJtQ10+OA==",
      "dev": true,
      "license": "MIT"
    },
    "node_modules/cli-cursor": {
      "version": "5.0.0",
      "resolved": "https://registry.npmjs.org/cli-cursor/-/cli-cursor-5.0.0.tgz",
      "integrity": "sha512-aCj4O5wKyszjMmDT4tZj93kxyydN/K5zPWSCe6/0AV/AA1pqe5ZBIw0a2ZfPQV7lL5/yb5HsUreJ6UFAF1tEQw==",
      "dev": true,
      "license": "MIT",
      "dependencies": {
        "restore-cursor": "^5.0.0"
      },
      "engines": {
        "node": ">=18"
      },
      "funding": {
        "url": "https://github.com/sponsors/sindresorhus"
      }
    },
    "node_modules/cli-spinners": {
      "version": "3.4.0",
      "resolved": "https://registry.npmjs.org/cli-spinners/-/cli-spinners-3.4.0.tgz",
      "integrity": "sha512-bXfOC4QcT1tKXGorxL3wbJm6XJPDqEnij2gQ2m7ESQuE+/z9YFIWnl/5RpTiKWbMq3EVKR4fRLJGn6DVfu0mpw==",
      "dev": true,
      "license": "MIT",
      "engines": {
        "node": ">=18.20"
      },
      "funding": {
        "url": "https://github.com/sponsors/sindresorhus"
      }
    },
    "node_modules/cli-width": {
      "version": "4.1.0",
      "resolved": "https://registry.npmjs.org/cli-width/-/cli-width-4.1.0.tgz",
      "integrity": "sha512-ouuZd4/dm2Sw5Gmqy6bGyNNNe1qt9RpmxveLSO7KcgsTnU7RXfsw+/bukWGo1abgBiMAic068rclZsO4IWmmxQ==",
      "dev": true,
      "license": "ISC",
      "engines": {
        "node": ">= 12"
      }
    },
    "node_modules/commander": {
      "version": "14.0.3",
      "resolved": "https://registry.npmjs.org/commander/-/commander-14.0.3.tgz",
      "integrity": "sha512-H+y0Jo/T1RZ9qPP4Eh1pkcQcLRglraJaSLoyOtHxu6AapkjWVCy2Sit1QQ4x3Dng8qDlSsZEet7g5Pq06MvTgw==",
      "dev": true,
      "license": "MIT",
      "engines": {
        "node": ">=20"
      }
    },
    "node_modules/cross-spawn": {
      "version": "7.0.6",
      "resolved": "https://registry.npmjs.org/cross-spawn/-/cross-spawn-7.0.6.tgz",
      "integrity": "sha512-uV2QOWP2nWzsy2aMp8aRibhi9dlzF5Hgh5SHaB9OiTGEyDTiJJyx0uy51QXdyWbtAHNua4XJzUKca3OzKUd3vA==",
      "dev": true,
      "license": "MIT",
      "dependencies": {
        "path-key": "^3.1.0",
        "shebang-command": "^2.0.0",
        "which": "^2.0.1"
      },
      "engines": {
        "node": ">= 8"
      }
    },
    "node_modules/diff": {
      "version": "9.0.0",
      "resolved": "https://registry.npmjs.org/diff/-/diff-9.0.0.tgz",
      "integrity": "sha512-svtcdpS8CgJyqAjEQIXdb3OjhFVVYjzGAPO8WGCmRbrml64SPw/jJD4GoE98aR7r25A0XcgrK3F02yw9R/vhQw==",
      "dev": true,
      "license": "BSD-3-Clause",
      "engines": {
        "node": ">=0.3.1"
      }
    },
    "node_modules/fast-glob": {
      "version": "3.3.3",
      "resolved": "https://registry.npmjs.org/fast-glob/-/fast-glob-3.3.3.tgz",
      "integrity": "sha512-7MptL8U0cqcFdzIzwOTHoilX9x5BrNqye7Z/LuC7kCMRio1EMSyqRK3BEAUD7sXRq4iT4AzTVuZdhgQ2TCvYLg==",
      "dev": true,
      "license": "MIT",
      "dependencies": {
        "@nodelib/fs.stat": "^2.0.2",
        "@nodelib/fs.walk": "^1.2.3",
        "glob-parent": "^5.1.2",
        "merge2": "^1.3.0",
        "micromatch": "^4.0.8"
      },
      "engines": {
        "node": ">=8.6.0"
      }
    },
    "node_modules/fast-string-truncated-width": {
      "version": "3.0.3",
      "resolved": "https://registry.npmjs.org/fast-string-truncated-width/-/fast-string-truncated-width-3.0.3.tgz",
      "integrity": "sha512-0jjjIEL6+0jag3l2XWWizO64/aZVtpiGE3t0Zgqxv0DPuxiMjvB3M24fCyhZUO4KomJQPj3LTSUnDP3GpdwC0g==",
      "dev": true,
      "license": "MIT"
    },
    "node_modules/fast-string-width": {
      "version": "3.0.2",
      "resolved": "https://registry.npmjs.org/fast-string-width/-/fast-string-width-3.0.2.tgz",
      "integrity": "sha512-gX8LrtNEI5hq8DVUfRQMbr5lpaS4nMIWV+7XEbXk2b8kiQIizgnlr12B4dA3ZEx3308ze0O4Q1R+cHts8kyUJg==",
      "dev": true,
      "license": "MIT",
      "dependencies": {
        "fast-string-truncated-width": "^3.0.2"
      }
    },
    "node_modules/fast-wrap-ansi": {
      "version": "0.2.2",
      "resolved": "https://registry.npmjs.org/fast-wrap-ansi/-/fast-wrap-ansi-0.2.2.tgz",
      "integrity": "sha512-7F2Fl+TjRSenLqlU3UjSH0iyqopqoZIu7eZVpEirP2g1GtWa2G/ecEmBdgz31+Mxr+ELclgg6sokpSFIQiZ02Q==",
      "dev": true,
      "license": "MIT",
      "dependencies": {
        "fast-string-width": "^3.0.2"
      }
    },
    "node_modules/fastq": {
      "version": "1.20.3",
      "resolved": "https://registry.npmjs.org/fastq/-/fastq-1.20.3.tgz",
      "integrity": "sha512-XKv5nnLs6nLF71NgiKJLIZFLkPyIEuOselLG7ujZnGrRfQK8HpvY+WqKhAJUAdLomwVHErVS4LfxFlPq0/FTAw==",
      "dev": true,
      "license": "ISC",
      "dependencies": {
        "reusify": "^1.0.4"
      }
    },
    "node_modules/fill-range": {
      "version": "7.1.1",
      "resolved": "https://registry.npmjs.org/fill-range/-/fill-range-7.1.1.tgz",
      "integrity": "sha512-YsGpe3WHLK8ZYi4tWDg2Jy3ebRz2rXowDxnld4bkQB00cc/1Zw9AWnC0i9ztDJitivtQvaI9KaLyKrc+hBW0yg==",
      "dev": true,
      "license": "MIT",
      "dependencies": {
        "to-regex-range": "^5.0.1"
      },
      "engines": {
        "node": ">=8"
      }
    },
    "node_modules/get-east-asian-width": {
      "version": "1.6.0",
      "resolved": "https://registry.npmjs.org/get-east-asian-width/-/get-east-asian-width-1.6.0.tgz",
      "integrity": "sha512-QRbvDIbx6YklUe6RxeTeleMR0yv3cYH6PsPZHcnVn7xv7zO1BHN8r0XETu8n6Ye3Q+ahtSarc3WgtNWmehIBfA==",
      "dev": true,
      "license": "MIT",
      "engines": {
        "node": ">=18"
      },
      "funding": {
        "url": "https://github.com/sponsors/sindresorhus"
      }
    },
    "node_modules/glob-parent": {
      "version": "5.1.2",
      "resolved": "https://registry.npmjs.org/glob-parent/-/glob-parent-5.1.2.tgz",
      "integrity": "sha512-AOIgSQCepiJYwP3ARnGx+5VnTu2HBYdzbGP45eLw1vr3zB3vZLeyed1sC9hnbcOc9/SrMyM5RPQrkGz4aS9Zow==",
      "dev": true,
      "license": "ISC",
      "dependencies": {
        "is-glob": "^4.0.1"
      },
      "engines": {
        "node": ">= 6"
      }
    },
    "node_modules/iconv-lite": {
      "version": "0.7.3",
      "resolved": "https://registry.npmjs.org/iconv-lite/-/iconv-lite-0.7.3.tgz",
      "integrity": "sha512-IKXpvIzjnC9XTAUbVBcMfGS0EPaIXtW6v+zr+RRp+hqULEpo0owZax6wyRwPOJbWbzjYspQwusTsfVr0ifh4uQ==",
      "dev": true,
      "license": "MIT",
      "dependencies": {
        "safer-buffer": ">= 2.1.2 < 3.0.0"
      },
      "engines": {
        "node": ">=0.10.0"
      },
      "funding": {
        "type": "opencollective",
        "url": "https://opencollective.com/express"
      }
    },
    "node_modules/is-extglob": {
      "version": "2.1.1",
      "resolved": "https://registry.npmjs.org/is-extglob/-/is-extglob-2.1.1.tgz",
      "integrity": "sha512-SbKbANkN603Vi4jEZv49LeVJMn4yGwsbzZworEoyEiutsN3nJYdbO36zfhGJ6QEDpOZIFkDtnq5JRxmvl3jsoQ==",
      "dev": true,
      "license": "MIT",
      "engines": {
        "node": ">=0.10.0"
      }
    },
    "node_modules/is-glob": {
      "version": "4.0.3",
      "resolved": "https://registry.npmjs.org/is-glob/-/is-glob-4.0.3.tgz",
      "integrity": "sha512-xelSayHH36ZgE7ZWhli7pW34hNbNl8Ojv5KVmkJD4hBdD3th8Tfk9vYasLM+mXWOZhFkgZfxhLSnrwRr4elSSg==",
      "dev": true,
      "license": "MIT",
      "dependencies": {
        "is-extglob": "^2.1.1"
      },
      "engines": {
        "node": ">=0.10.0"
      }
    },
    "node_modules/is-interactive": {
      "version": "2.0.0",
      "resolved": "https://registry.npmjs.org/is-interactive/-/is-interactive-2.0.0.tgz",
      "integrity": "sha512-qP1vozQRI+BMOPcjFzrjXuQvdak2pHNUMZoeG2eRbiSqyvbEf/wQtEOTOX1guk6E3t36RkaqiSt8A/6YElNxLQ==",
      "dev": true,
      "license": "MIT",
      "engines": {
        "node": ">=12"
      },
      "funding": {
        "url": "https://github.com/sponsors/sindresorhus"
      }
    },
    "node_modules/is-number": {
      "version": "7.0.0",
      "resolved": "https://registry.npmjs.org/is-number/-/is-number-7.0.0.tgz",
      "integrity": "sha512-41Cifkg6e8TylSpdtTpeLVMqvSBEVzTttHvERD741+pnZ8ANv0004MRL43QKPDlK9cGvNp6NZWZUBlbGXYxxng==",
      "dev": true,
      "license": "MIT",
      "engines": {
        "node": ">=0.12.0"
      }
    },
    "node_modules/is-unicode-supported": {
      "version": "2.1.0",
      "resolved": "https://registry.npmjs.org/is-unicode-supported/-/is-unicode-supported-2.1.0.tgz",
      "integrity": "sha512-mE00Gnza5EEB3Ds0HfMyllZzbBrmLOX3vfWoj9A9PEnTfratQ/BcaJOuMhnkhjXvb2+FkY3VuHqtAGpTPmglFQ==",
      "dev": true,
      "license": "MIT",
      "engines": {
        "node": ">=18"
      },
      "funding": {
        "url": "https://github.com/sponsors/sindresorhus"
      }
    },
    "node_modules/isexe": {
      "version": "2.0.0",
      "resolved": "https://registry.npmjs.org/isexe/-/isexe-2.0.0.tgz",
      "integrity": "sha512-RHxMLp9lnKHGHRng9QFhRCMbYAcVpn69smSGcq3f36xjgVVWThj4qqLbTLlq7Ssj8B+fIQ1EuCEGI2lKsyQeIw==",
      "dev": true,
      "license": "ISC"
    },
    "node_modules/log-symbols": {
      "version": "7.0.1",
      "resolved": "https://registry.npmjs.org/log-symbols/-/log-symbols-7.0.1.tgz",
      "integrity": "sha512-ja1E3yCr9i/0hmBVaM0bfwDjnGy8I/s6PP4DFp+yP+a+mrHO4Rm7DtmnqROTUkHIkqffC84YY7AeqX6oFk0WFg==",
      "dev": true,
      "license": "MIT",
      "dependencies": {
        "is-unicode-supported": "^2.0.0",
        "yoctocolors": "^2.1.1"
      },
      "engines": {
        "node": ">=18"
      },
      "funding": {
        "url": "https://github.com/sponsors/sindresorhus"
      }
    },
    "node_modules/merge2": {
      "version": "1.4.1",
      "resolved": "https://registry.npmjs.org/merge2/-/merge2-1.4.1.tgz",
      "integrity": "sha512-8q7VEgMJW4J8tcfVPy8g09NcQwZdbwFEqhe/WZkoIzjn/3TGDwtOCYtXGxA3O8tPzpczCCDgv+P2P5y00ZJOOg==",
      "dev": true,
      "license": "MIT",
      "engines": {
        "node": ">= 8"
      }
    },
    "node_modules/micromatch": {
      "version": "4.0.8",
      "resolved": "https://registry.npmjs.org/micromatch/-/micromatch-4.0.8.tgz",
      "integrity": "sha512-PXwfBhYu0hBCPw8Dn0E+WDYb7af3dSLVWKi3HGv84IdF4TyFoC0ysxFd0Goxw7nSv4T/PzEJQxsYsEiFCKo2BA==",
      "dev": true,
      "license": "MIT",
      "dependencies": {
        "braces": "^3.0.3",
        "picomatch": "^2.3.1"
      },
      "engines": {
        "node": ">=8.6"
      }
    },
    "node_modules/mimic-function": {
      "version": "5.0.1",
      "resolved": "https://registry.npmjs.org/mimic-function/-/mimic-function-5.0.1.tgz",
      "integrity": "sha512-VP79XUPxV2CigYP3jWwAUFSku2aKqBH7uTAapFWCBqutsbmDo96KY5o8uh6U+/YSIn5OxJnXp73beVkpqMIGhA==",
      "dev": true,
      "license": "MIT",
      "engines": {
        "node": ">=18"
      },
      "funding": {
        "url": "https://github.com/sponsors/sindresorhus"
      }
    },
    "node_modules/mute-stream": {
      "version": "3.0.0",
      "resolved": "https://registry.npmjs.org/mute-stream/-/mute-stream-3.0.0.tgz",
      "integrity": "sha512-dkEJPVvun4FryqBmZ5KhDo0K9iDXAwn08tMLDinNdRBNPcYEDiWYysLcc6k3mjTMlbP9KyylvRpd4wFtwrT9rw==",
      "dev": true,
      "license": "ISC",
      "engines": {
        "node": "^20.17.0 || >=22.9.0"
      }
    },
    "node_modules/onetime": {
      "version": "7.0.0",
      "resolved": "https://registry.npmjs.org/onetime/-/onetime-7.0.0.tgz",
      "integrity": "sha512-VXJjc87FScF88uafS3JllDgvAm+c/Slfz06lorj2uAY34rlUu0Nt+v8wreiImcrgAjjIHp1rXpTDlLOGw29WwQ==",
      "dev": true,
      "license": "MIT",
      "dependencies": {
        "mimic-function": "^5.0.0"
      },
      "engines": {
        "node": ">=18"
      },
      "funding": {
        "url": "https://github.com/sponsors/sindresorhus"
      }
    },
    "node_modules/ora": {
      "version": "9.4.1",
      "resolved": "https://registry.npmjs.org/ora/-/ora-9.4.1.tgz",
      "integrity": "sha512-6VlU9MLXbjVQD04AZCMX28hVtA5bUoadvUqO76MUCVA0ilwJbMiHsITRPfyVm6p/BC0Av/BXMujx39WCe1LEqw==",
      "dev": true,
      "license": "MIT",
      "dependencies": {
        "chalk": "^5.6.2",
        "cli-cursor": "^5.0.0",
        "cli-spinners": "^3.2.0",
        "is-interactive": "^2.0.0",
        "is-unicode-supported": "^2.1.0",
        "log-symbols": "^7.0.1",
        "stdin-discarder": "^0.3.2",
        "string-width": "^8.1.0"
      },
      "engines": {
        "node": ">=20"
      },
      "funding": {
        "url": "https://github.com/sponsors/sindresorhus"
      }
    },
    "node_modules/path-key": {
      "version": "3.1.1",
      "resolved": "https://registry.npmjs.org/path-key/-/path-key-3.1.1.tgz",
      "integrity": "sha512-ojmeN0qd+y0jszEtoY48r0Peq5dwMEkIlCOu6Q5f41lfkswXuKtYrhgoTpLnyIcHm24Uhqx+5Tqm2InSwLhE6Q==",
      "dev": true,
      "license": "MIT",
      "engines": {
        "node": ">=8"
      }
    },
    "node_modules/picomatch": {
      "version": "2.3.2",
      "resolved": "https://registry.npmjs.org/picomatch/-/picomatch-2.3.2.tgz",
      "integrity": "sha512-V7+vQEJ06Z+c5tSye8S+nHUfI51xoXIXjHQ99cQtKUkQqqO1kO/KCJUfZXuB47h/YBlDhah2H3hdUGXn8ie0oA==",
      "dev": true,
      "license": "MIT",
      "engines": {
        "node": ">=8.6"
      },
      "funding": {
        "url": "https://github.com/sponsors/jonschlinkert"
      }
    },
    "node_modules/queue-microtask": {
      "version": "1.2.3",
      "resolved": "https://registry.npmjs.org/queue-microtask/-/queue-microtask-1.2.3.tgz",
      "integrity": "sha512-NuaNSa6flKT5JaSYQzJok04JzTL1CA6aGhv5rfLW3PgqA+M2ChpZQnAC8h8i4ZFkBS8X5RqkDBHA7r4hej3K9A==",
      "dev": true,
      "funding": [
        {
          "type": "github",
          "url": "https://github.com/sponsors/feross"
        },
        {
          "type": "patreon",
          "url": "https://www.patreon.com/feross"
        },
        {
          "type": "consulting",
          "url": "https://feross.org/support"
        }
      ],
      "license": "MIT"
    },
    "node_modules/restore-cursor": {
      "version": "5.1.0",
      "resolved": "https://registry.npmjs.org/restore-cursor/-/restore-cursor-5.1.0.tgz",
      "integrity": "sha512-oMA2dcrw6u0YfxJQXm342bFKX/E4sG9rbTzO9ptUcR/e8A33cHuvStiYOwH7fszkZlZ1z/ta9AAoPk2F4qIOHA==",
      "dev": true,
      "license": "MIT",
      "dependencies": {
        "onetime": "^7.0.0",
        "signal-exit": "^4.1.0"
      },
      "engines": {
        "node": ">=18"
      },
      "funding": {
        "url": "https://github.com/sponsors/sindresorhus"
      }
    },
    "node_modules/reusify": {
      "version": "1.1.0",
      "resolved": "https://registry.npmjs.org/reusify/-/reusify-1.1.0.tgz",
      "integrity": "sha512-g6QUff04oZpHs0eG5p83rFLhHeV00ug/Yf9nZM6fLeUrPguBTkTQOdpAWWspMh55TZfVQDPaN3NQJfbVRAxdIw==",
      "dev": true,
      "license": "MIT",
      "engines": {
        "iojs": ">=1.0.0",
        "node": ">=0.10.0"
      }
    },
    "node_modules/run-parallel": {
      "version": "1.2.0",
      "resolved": "https://registry.npmjs.org/run-parallel/-/run-parallel-1.2.0.tgz",
      "integrity": "sha512-5l4VyZR86LZ/lDxZTR6jqL8AFE2S0IFLMP26AbjsLVADxHdhB/c0GUsH+y39UfCi3dzz8OlQuPmnaJOMoDHQBA==",
      "dev": true,
      "funding": [
        {
          "type": "github",
          "url": "https://github.com/sponsors/feross"
        },
        {
          "type": "patreon",
          "url": "https://www.patreon.com/feross"
        },
        {
          "type": "consulting",
          "url": "https://feross.org/support"
        }
      ],
      "license": "MIT",
      "dependencies": {
        "queue-microtask": "^1.2.2"
      }
    },
    "node_modules/safer-buffer": {
      "version": "2.1.2",
      "resolved": "https://registry.npmjs.org/safer-buffer/-/safer-buffer-2.1.2.tgz",
      "integrity": "sha512-YZo3K82SD7Riyi0E1EQPojLz7kpepnSQI9IyPbHHg1XXXevb5dJI7tpyN2ADxGcQbHG7vcyRHk0cbwqcQriUtg==",
      "dev": true,
      "license": "MIT"
    },
    "node_modules/shebang-command": {
      "version": "2.0.0",
      "resolved": "https://registry.npmjs.org/shebang-command/-/shebang-command-2.0.0.tgz",
      "integrity": "sha512-kHxr2zZpYtdmrN1qDjrrX/Z1rR1kG8Dx+gkpK1G4eXmvXswmcE1hTWBWYUzlraYw1/yZp6YuDY77YtvbN0dmDA==",
      "dev": true,
      "license": "MIT",
      "dependencies": {
        "shebang-regex": "^3.0.0"
      },
      "engines": {
        "node": ">=8"
      }
    },
    "node_modules/shebang-regex": {
      "version": "3.0.0",
      "resolved": "https://registry.npmjs.org/shebang-regex/-/shebang-regex-3.0.0.tgz",
      "integrity": "sha512-7++dFhtcx3353uBaq8DDR4NuxBetBzC7ZQOhmTQInHEd6bSrXdiEyzCvG07Z44UYdLShWUyXt5M/yhz8ekcb1A==",
      "dev": true,
      "license": "MIT",
      "engines": {
        "node": ">=8"
      }
    },
    "node_modules/signal-exit": {
      "version": "4.1.0",
      "resolved": "https://registry.npmjs.org/signal-exit/-/signal-exit-4.1.0.tgz",
      "integrity": "sha512-bzyZ1e88w9O1iNJbKnOlvYTrWPDl46O1bG0D3XInv+9tkPrxrN8jUUTiFlDkkmKWgn1M6CfIA13SuGqOa9Korw==",
      "dev": true,
      "license": "ISC",
      "engines": {
        "node": ">=14"
      },
      "funding": {
        "url": "https://github.com/sponsors/isaacs"
      }
    },
    "node_modules/stdin-discarder": {
      "version": "0.3.2",
      "resolved": "https://registry.npmjs.org/stdin-discarder/-/stdin-discarder-0.3.2.tgz",
      "integrity": "sha512-eCPu1qRxPVkl5605OTWF8Wz40b4Mf45NY5LQmVPQ599knfs5QhASUm9GbJ5BDMDOXgrnh0wyEdvzmL//YMlw0A==",
      "dev": true,
      "license": "MIT",
      "engines": {
        "node": ">=18"
      },
      "funding": {
        "url": "https://github.com/sponsors/sindresorhus"
      }
    },
    "node_modules/string-width": {
      "version": "8.2.2",
      "resolved": "https://registry.npmjs.org/string-width/-/string-width-8.2.2.tgz",
      "integrity": "sha512-GaPUh5gfdrYzqeVNZvUfT23vYYxXzKYidUcnMtJg/3rxRV63EFZy3k6xfKlmfeJD0176lnUV/Usr3XcwSvFzpg==",
      "dev": true,
      "license": "MIT",
      "dependencies": {
        "get-east-asian-width": "^1.5.0",
        "strip-ansi": "^7.1.2"
      },
      "engines": {
        "node": ">=20"
      },
      "funding": {
        "url": "https://github.com/sponsors/sindresorhus"
      }
    },
    "node_modules/strip-ansi": {
      "version": "7.2.0",
      "resolved": "https://registry.npmjs.org/strip-ansi/-/strip-ansi-7.2.0.tgz",
      "integrity": "sha512-yDPMNjp4WyfYBkHnjIRLfca1i6KMyGCtsVgoKe/z1+6vukgaENdgGBZt+ZmKPc4gavvEZ5OgHfHdrazhgNyG7w==",
      "dev": true,
      "license": "MIT",
      "dependencies": {
        "ansi-regex": "^6.2.2"
      },
      "engines": {
        "node": ">=12"
      },
      "funding": {
        "url": "https://github.com/chalk/strip-ansi?sponsor=1"
      }
    },
    "node_modules/to-regex-range": {
      "version": "5.0.1",
      "resolved": "https://registry.npmjs.org/to-regex-range/-/to-regex-range-5.0.1.tgz",
      "integrity": "sha512-65P7iz6X5yEr1cwcgvQxbbIw7Uk3gOy5dIdtZ4rDveLqhrdJP+Li/Hx6tyK0NEb+2GCyneCMJiGqrADCSNk8sQ==",
      "dev": true,
      "license": "MIT",
      "dependencies": {
        "is-number": "^7.0.0"
      },
      "engines": {
        "node": ">=8.0"
      }
    },
    "node_modules/which": {
      "version": "2.0.2",
      "resolved": "https://registry.npmjs.org/which/-/which-2.0.2.tgz",
      "integrity": "sha512-BLI3Tl1TW3Pvl70l3yq3Y64i+awpwXqsGBYWkkqMtnbXgrMD+yj7rhW0kuEDxzJaYXGjEW5ogapKNMEKNMjibA==",
      "dev": true,
      "license": "ISC",
      "dependencies": {
        "isexe": "^2.0.0"
      },
      "bin": {
        "node-which": "bin/node-which"
      },
      "engines": {
        "node": ">= 8"
      }
    },
    "node_modules/yaml": {
      "version": "2.9.0",
      "resolved": "https://registry.npmjs.org/yaml/-/yaml-2.9.0.tgz",
      "integrity": "sha512-2AvhNX3mb8zd6Zy7INTtSpl1F15HW6Wnqj0srWlkKLcpYl/gMIMJiyuGq2KeI2YFxUPjdlB+3Lc10seMLtL4cA==",
      "dev": true,
      "license": "ISC",
      "bin": {
        "yaml": "bin.mjs"
      },
      "engines": {
        "node": ">= 14.6"
      },
      "funding": {
        "url": "https://github.com/sponsors/eemeli"
      }
    },
    "node_modules/yoctocolors": {
      "version": "2.2.0",
      "resolved": "https://registry.npmjs.org/yoctocolors/-/yoctocolors-2.2.0.tgz",
      "integrity": "sha512-xYqdZFUK/VYazNl/oCDYN+3WloWQwMfZxBoiNt6qNyk+xfOdi598muWE42rNZFp1kNOiqW936q5RhUdnpqElSg==",
      "dev": true,
      "license": "MIT",
      "engines": {
        "node": ">=18"
      },
      "funding": {
        "url": "https://github.com/sponsors/sindresorhus"
      }
    },
    "node_modules/zod": {
      "version": "4.5.4",
      "resolved": "https://registry.npmjs.org/zod/-/zod-4.5.4.tgz",
      "integrity": "sha512-sC95tT5iHHH9gtpj6A81kh+NEaRAUFN+qlUPDUbRfOMvNf5QCBqsb3WgvnpVtK5Y+4UfA6KqufotuTvMGiTlsA==",
      "dev": true,
      "license": "MIT",
      "funding": {
        "url": "https://github.com/sponsors/colinhacks"
      }
    }
  }
}
